<?xml version="1.0" encoding="utf-8"?>
<Project ToolsVersion="4.0" xmlns="http://schemas.microsoft.com/developer/msbuild/2003">
  <ItemGroup>
    <Filter Include="Source Files">
      <UniqueIdentifier>{4FC737F1-C7A5-4376-A066-2A32D752A2FF}</UniqueIdentifier>
      <Extensions>cpp;c;cc;cxx;c++;cppm;ixx;def;odl;idl;hpj;bat;asm;asmx</Extensions>
    </Filter>
    <Filter Include="Header Files">
      <UniqueIdentifier>{93995380-89BD-4b04-88EB-625FBE52EBFB}</UniqueIdentifier>
      <Extensions>h;hh;hpp;hxx;h++;hm;inl;inc;ipp;xsd</Extensions>
    </Filter>
    <Filter Include="Resource Files">
      <UniqueIdentifier>{67DA6AB6-F800-4c08-8B7A-83BB121AAD01}</UniqueIdentifier>
      <Extensions>rc;ico;cur;bmp;dlg;rc2;rct;bin;rgs;gif;jpg;jpeg;jpe;resx;tiff;tif;png;wav;mfcribbon-ms</Extensions>
    </Filter>
  </ItemGroup>
  <ItemGroup>
    <ClCompile Include="Chapter4_Sorting_Searching.cpp">
      <Filter>Source Files</Filter>
    </ClCompile>
    <ClCompile Include="Chapter7_Graph.cpp">
      <Filter>Source Files</Filter>
    </ClCompile>
    <ClCompile Include="test.cpp">
      <Filter>Source Files</Filter>
    </ClCompile>
    <ClCompile Include="Chapter7_FloydWarshall.cpp">
      <Filter>Source Files</Filter>
    </ClCompile>
    <ClCompile Include="3197.cpp">
      <Filter>Source Files</Filter>
    </ClCompile>
    <ClCompile Include="3197-2.cpp">
      <Filter>Source Files</Filter>
    </ClCompile>
    <ClCompile Include="timer.h">
      <Filter>Header Files</Filter>
    </ClCompile>
    <ClCompile Include="3197-3.cpp">
      <Filter>Source Files</Filter>
    </ClCompile>
    <ClCompile Include="BinarySearch.cpp">
      <Filter>Source Files</Filter>
    </ClCompile>
    <ClCompile Include="3197-4.cpp">
      <Filter>Source Files</Filter>
    </ClCompile>
    <ClCompile Include="9471.cpp">
      <Filter>Source Files</Filter>
    </ClCompile>
    <ClCompile Include="8111.cpp">
      <Filter>Source Files</Filter>
    </ClCompile>
    <ClCompile Include="2056.cpp">
      <Filter>Source Files</Filter>
    </ClCompile>
    <ClCompile Include="2056-2.cpp">
      <Filter>Source Files</Filter>
    </ClCompile>
    <ClCompile Include="2056-otherpersonCode.cpp">
      <Filter>Source Files</Filter>
    </ClCompile>
    <ClCompile Include="1790.cpp">
      <Filter>Source Files</Filter>
    </ClCompile>
    <ClCompile Include="Chapter9_BinaryIndexedTree.cpp">
      <Filter>Source Files</Filter>
    </ClCompile>
    <ClCompile Include="1845.cpp">
      <Filter>Source Files</Filter>
    </ClCompile>
    <ClCompile Include="1931.cpp">
      <Filter>Source Files</Filter>
    </ClCompile>
    <ClCompile Include="WhatisThis.cpp">
      <Filter>Source Files</Filter>
    </ClCompile>
    <ClCompile Include="12738.cpp">
      <Filter>Source Files</Filter>
    </ClCompile>
    <ClCompile Include="12015.cpp">
      <Filter>Source Files</Filter>
    </ClCompile>
    <ClCompile Include="RandomNumberGenerator.h">
      <Filter>Header Files</Filter>
    </ClCompile>
    <ClCompile Include="15486.cpp">
      <Filter>Source Files</Filter>
    </ClCompile>
    <ClCompile Include="1780.cpp">
      <Filter>Source Files</Filter>
    </ClCompile>
    <ClCompile Include="GeometryTemplate.cpp">
      <Filter>Source Files</Filter>
    </ClCompile>
    <ClCompile Include="Chapter13_Geometry.cpp">
      <Filter>Source Files</Filter>
    </ClCompile>
    <ClCompile Include="10990.cpp">
      <Filter>Source Files</Filter>
    </ClCompile>
    <ClCompile Include="1747.cpp">
      <Filter>Source Files</Filter>
    </ClCompile>
    <ClCompile Include="SparseTable.cpp">
      <Filter>Source Files</Filter>
    </ClCompile>
    <ClCompile Include="Chapter9_SegmentTree.cpp">
      <Filter>Source Files</Filter>
    </ClCompile>
    <ClCompile Include="Chapter10_Tree.cpp">
      <Filter>Source Files</Filter>
    </ClCompile>
    <ClCompile Include="Chapter14_Trie.cpp">
      <Filter>Source Files</Filter>
    </ClCompile>
    <ClCompile Include="7620.cpp">
      <Filter>Source Files</Filter>
    </ClCompile>
    <ClCompile Include="1230.cpp">
      <Filter>Source Files</Filter>
    </ClCompile>
    <ClCompile Include="1230-1.cpp">
      <Filter>Source Files</Filter>
    </ClCompile>
    <ClCompile Include="1104.cpp">
      <Filter>Source Files</Filter>
    </ClCompile>
    <ClCompile Include="KMPAlgorithm.cpp">
      <Filter>Source Files</Filter>
    </ClCompile>
    <ClCompile Include="1377.cpp">
      <Filter>Source Files</Filter>
    </ClCompile>
    <ClCompile Include="2250.cpp">
      <Filter>Source Files</Filter>
    </ClCompile>
    <ClCompile Include="3085.cpp">
      <Filter>Source Files</Filter>
    </ClCompile>
    <ClCompile Include="9250.cpp">
      <Filter>Source Files</Filter>
    </ClCompile>
    <ClCompile Include="2294.cpp">
      <Filter>Source Files</Filter>
    </ClCompile>
    <ClCompile Include="15649.cpp">
      <Filter>Source Files</Filter>
    </ClCompile>
    <ClCompile Include="SegmentTreePractice.cpp">
      <Filter>Source Files</Filter>
    </ClCompile>
    <ClCompile Include="5337.cpp">
      <Filter>Source Files</Filter>
    </ClCompile>
    <ClCompile Include="Sort.cpp">
      <Filter>Source Files</Filter>
    </ClCompile>
    <ClCompile Include="4354.cpp">
      <Filter>Source Files</Filter>
    </ClCompile>
  </ItemGroup>
</Project>